// !$*UTF8*$!
{
	archiveVersion = 1;
	classes = {
	};
	objectVersion = 50;
	objects = {

/* Begin PBXBuildFile section */
		8B333371253B4378003F8C89 /* TennisBot.xcdatamodeld in Sources */ = {isa = PBXBuildFile; fileRef = 8B33336F253B4378003F8C89 /* TennisBot.xcdatamodeld */; };
		8B5A60322538A2A200E38560 /* AppDelegate.swift in Sources */ = {isa = PBXBuildFile; fileRef = 8B5A60312538A2A200E38560 /* AppDelegate.swift */; };
		8B5A60342538A2A200E38560 /* SceneDelegate.swift in Sources */ = {isa = PBXBuildFile; fileRef = 8B5A60332538A2A200E38560 /* SceneDelegate.swift */; };
		8B5A60362538A2A200E38560 /* JoystickViewController.swift in Sources */ = {isa = PBXBuildFile; fileRef = 8B5A60352538A2A200E38560 /* JoystickViewController.swift */; };
		8B5A60382538A2A200E38560 /* AutonomousViewController.swift in Sources */ = {isa = PBXBuildFile; fileRef = 8B5A60372538A2A200E38560 /* AutonomousViewController.swift */; };
		8B5A603B2538A2A200E38560 /* Main.storyboard in Resources */ = {isa = PBXBuildFile; fileRef = 8B5A60392538A2A200E38560 /* Main.storyboard */; };
		8B5A60402538A2A400E38560 /* Assets.xcassets in Resources */ = {isa = PBXBuildFile; fileRef = 8B5A603F2538A2A400E38560 /* Assets.xcassets */; };
		8B5A60432538A2A400E38560 /* LaunchScreen.storyboard in Resources */ = {isa = PBXBuildFile; fileRef = 8B5A60412538A2A400E38560 /* LaunchScreen.storyboard */; };
		8B5A604B2538B57F00E38560 /* Bluetooth.swift in Sources */ = {isa = PBXBuildFile; fileRef = 8B5A604A2538B57E00E38560 /* Bluetooth.swift */; };
		8B5A604D2538EBBF00E38560 /* Constants.swift in Sources */ = {isa = PBXBuildFile; fileRef = 8B5A604C2538EBBF00E38560 /* Constants.swift */; };
		8B5A604F25394BE100E38560 /* CustomJoystickSlider.swift in Sources */ = {isa = PBXBuildFile; fileRef = 8B5A604E25394BE100E38560 /* CustomJoystickSlider.swift */; };
/* End PBXBuildFile section */

/* Begin PBXFileReference section */
		8B333370253B4378003F8C89 /* TennisBot.xcdatamodel */ = {isa = PBXFileReference; lastKnownFileType = wrapper.xcdatamodel; path = TennisBot.xcdatamodel; sourceTree = "<group>"; };
		8B5A602E2538A2A200E38560 /* TennisBot.app */ = {isa = PBXFileReference; explicitFileType = wrapper.application; includeInIndex = 0; path = TennisBot.app; sourceTree = BUILT_PRODUCTS_DIR; };
		8B5A60312538A2A200E38560 /* AppDelegate.swift */ = {isa = PBXFileReference; lastKnownFileType = sourcecode.swift; path = AppDelegate.swift; sourceTree = "<group>"; };
		8B5A60332538A2A200E38560 /* SceneDelegate.swift */ = {isa = PBXFileReference; lastKnownFileType = sourcecode.swift; path = SceneDelegate.swift; sourceTree = "<group>"; };
		8B5A60352538A2A200E38560 /* JoystickViewController.swift */ = {isa = PBXFileReference; lastKnownFileType = sourcecode.swift; path = JoystickViewController.swift; sourceTree = "<group>"; };
		8B5A60372538A2A200E38560 /* AutonomousViewController.swift */ = {isa = PBXFileReference; lastKnownFileType = sourcecode.swift; path = AutonomousViewController.swift; sourceTree = "<group>"; };
		8B5A603A2538A2A200E38560 /* Base */ = {isa = PBXFileReference; lastKnownFileType = file.storyboard; name = Base; path = Base.lproj/Main.storyboard; sourceTree = "<group>"; };
		8B5A603F2538A2A400E38560 /* Assets.xcassets */ = {isa = PBXFileReference; lastKnownFileType = folder.assetcatalog; path = Assets.xcassets; sourceTree = "<group>"; };
		8B5A60422538A2A400E38560 /* Base */ = {isa = PBXFileReference; lastKnownFileType = file.storyboard; name = Base; path = Base.lproj/LaunchScreen.storyboard; sourceTree = "<group>"; };
		8B5A60442538A2A400E38560 /* Info.plist */ = {isa = PBXFileReference; lastKnownFileType = text.plist.xml; path = Info.plist; sourceTree = "<group>"; };
		8B5A604A2538B57E00E38560 /* Bluetooth.swift */ = {isa = PBXFileReference; lastKnownFileType = sourcecode.swift; path = Bluetooth.swift; sourceTree = "<group>"; };
		8B5A604C2538EBBF00E38560 /* Constants.swift */ = {isa = PBXFileReference; lastKnownFileType = sourcecode.swift; path = Constants.swift; sourceTree = "<group>"; };
		8B5A604E25394BE100E38560 /* CustomJoystickSlider.swift */ = {isa = PBXFileReference; lastKnownFileType = sourcecode.swift; path = CustomJoystickSlider.swift; sourceTree = "<group>"; };
/* End PBXFileReference section */

/* Begin PBXFrameworksBuildPhase section */
		8B5A602B2538A2A200E38560 /* Frameworks */ = {
			isa = PBXFrameworksBuildPhase;
			buildActionMask = 2147483647;
			files = (
			);
			runOnlyForDeploymentPostprocessing = 0;
		};
/* End PBXFrameworksBuildPhase section */

/* Begin PBXGroup section */
		8B5A60252538A2A200E38560 = {
			isa = PBXGroup;
			children = (
				8B5A60302538A2A200E38560 /* TennisBot */,
				8B5A602F2538A2A200E38560 /* Products */,
			);
			sourceTree = "<group>";
		};
		8B5A602F2538A2A200E38560 /* Products */ = {
			isa = PBXGroup;
			children = (
				8B5A602E2538A2A200E38560 /* TennisBot.app */,
			);
			name = Products;
			sourceTree = "<group>";
		};
		8B5A60302538A2A200E38560 /* TennisBot */ = {
			isa = PBXGroup;
			children = (
				8B5A60312538A2A200E38560 /* AppDelegate.swift */,
				8B5A60332538A2A200E38560 /* SceneDelegate.swift */,
				8B5A60352538A2A200E38560 /* JoystickViewController.swift */,
				8B5A60372538A2A200E38560 /* AutonomousViewController.swift */,
				8B5A60392538A2A200E38560 /* Main.storyboard */,
				8B5A603F2538A2A400E38560 /* Assets.xcassets */,
				8B5A60412538A2A400E38560 /* LaunchScreen.storyboard */,
				8B5A60442538A2A400E38560 /* Info.plist */,
				8B33336F253B4378003F8C89 /* TennisBot.xcdatamodeld */,
				8B5A604A2538B57E00E38560 /* Bluetooth.swift */,
				8B5A604C2538EBBF00E38560 /* Constants.swift */,
				8B5A604E25394BE100E38560 /* CustomJoystickSlider.swift */,
			);
			path = TennisBot;
			sourceTree = "<group>";
		};
/* End PBXGroup section */

/* Begin PBXNativeTarget section */
		8B5A602D2538A2A200E38560 /* TennisBot */ = {
			isa = PBXNativeTarget;
			buildConfigurationList = 8B5A60472538A2A400E38560 /* Build configuration list for PBXNativeTarget "TennisBot" */;
			buildPhases = (
				8B5A602A2538A2A200E38560 /* Sources */,
				8B5A602B2538A2A200E38560 /* Frameworks */,
				8B5A602C2538A2A200E38560 /* Resources */,
			);
			buildRules = (
			);
			dependencies = (
			);
			name = TennisBot;
			productName = TennisBot;
			productReference = 8B5A602E2538A2A200E38560 /* TennisBot.app */;
			productType = "com.apple.product-type.application";
		};
/* End PBXNativeTarget section */

/* Begin PBXProject section */
		8B5A60262538A2A200E38560 /* Project object */ = {
			isa = PBXProject;
			attributes = {
				LastSwiftUpdateCheck = 1130;
				LastUpgradeCheck = 1130;
				ORGANIZATIONNAME = TennisBot;
				TargetAttributes = {
					8B5A602D2538A2A200E38560 = {
						CreatedOnToolsVersion = 11.3.1;
					};
				};
			};
			buildConfigurationList = 8B5A60292538A2A200E38560 /* Build configuration list for PBXProject "TennisBot" */;
			compatibilityVersion = "Xcode 9.3";
			developmentRegion = en;
			hasScannedForEncodings = 0;
			knownRegions = (
				en,
				Base,
			);
			mainGroup = 8B5A60252538A2A200E38560;
			productRefGroup = 8B5A602F2538A2A200E38560 /* Products */;
			projectDirPath = "";
			projectRoot = "";
			targets = (
				8B5A602D2538A2A200E38560 /* TennisBot */,
			);
		};
/* End PBXProject section */

/* Begin PBXResourcesBuildPhase section */
		8B5A602C2538A2A200E38560 /* Resources */ = {
			isa = PBXResourcesBuildPhase;
			buildActionMask = 2147483647;
			files = (
				8B5A60432538A2A400E38560 /* LaunchScreen.storyboard in Resources */,
				8B5A60402538A2A400E38560 /* Assets.xcassets in Resources */,
				8B5A603B2538A2A200E38560 /* Main.storyboard in Resources */,
			);
			runOnlyForDeploymentPostprocessing = 0;
		};
/* End PBXResourcesBuildPhase section */

/* Begin PBXSourcesBuildPhase section */
		8B5A602A2538A2A200E38560 /* Sources */ = {
			isa = PBXSourcesBuildPhase;
			buildActionMask = 2147483647;
			files = (
				8B5A60382538A2A200E38560 /* AutonomousViewController.swift in Sources */,
				8B5A60362538A2A200E38560 /* JoystickViewController.swift in Sources */,
				8B5A604F25394BE100E38560 /* CustomJoystickSlider.swift in Sources */,
				8B5A60322538A2A200E38560 /* AppDelegate.swift in Sources */,
				8B333371253B4378003F8C89 /* TennisBot.xcdatamodeld in Sources */,
				8B5A604D2538EBBF00E38560 /* Constants.swift in Sources */,
				8B5A604B2538B57F00E38560 /* Bluetooth.swift in Sources */,
				8B5A60342538A2A200E38560 /* SceneDelegate.swift in Sources */,
			);
			runOnlyForDeploymentPostprocessing = 0;
		};
/* End PBXSourcesBuildPhase section */

/* Begin PBXVariantGroup section */
		8B5A60392538A2A200E38560 /* Main.storyboard */ = {
			isa = PBXVariantGroup;
			children = (
				8B5A603A2538A2A200E38560 /* Base */,
			);
			name = Main.storyboard;
			sourceTree = "<group>";
		};
		8B5A60412538A2A400E38560 /* LaunchScreen.storyboard */ = {
			isa = PBXVariantGroup;
			children = (
				8B5A60422538A2A400E38560 /* Base */,
			);
			name = LaunchScreen.storyboard;
			sourceTree = "<group>";
		};
/* End PBXVariantGroup section */

/* Begin XCBuildConfiguration section */
		8B5A60452538A2A400E38560 /* Debug */ = {
			isa = XCBuildConfiguration;
			buildSettings = {
				ALWAYS_SEARCH_USER_PATHS = NO;
				CLANG_ANALYZER_NONNULL = YES;
				CLANG_ANALYZER_NUMBER_OBJECT_CONVERSION = YES_AGGRESSIVE;
				CLANG_CXX_LANGUAGE_STANDARD = "gnu++14";
				CLANG_CXX_LIBRARY = "libc++";
				CLANG_ENABLE_MODULES = YES;
				CLANG_ENABLE_OBJC_ARC = YES;
				CLANG_ENABLE_OBJC_WEAK = YES;
				CLANG_WARN_BLOCK_CAPTURE_AUTORELEASING = YES;
				CLANG_WARN_BOOL_CONVERSION = YES;
				CLANG_WARN_COMMA = YES;
				CLANG_WARN_CONSTANT_CONVERSION = YES;
				CLANG_WARN_DEPRECATED_OBJC_IMPLEMENTATIONS = YES;
				CLANG_WARN_DIRECT_OBJC_ISA_USAGE = YES_ERROR;
				CLANG_WARN_DOCUMENTATION_COMMENTS = YES;
				CLANG_WARN_EMPTY_BODY = YES;
				CLANG_WARN_ENUM_CONVERSION = YES;
				CLANG_WARN_INFINITE_RECURSION = YES;
				CLANG_WARN_INT_CONVERSION = YES;
				CLANG_WARN_NON_LITERAL_NULL_CONVERSION = YES;
				CLANG_WARN_OBJC_IMPLICIT_RETAIN_SELF = YES;
				CLANG_WARN_OBJC_LITERAL_CONVERSION = YES;
				CLANG_WARN_OBJC_ROOT_CLASS = YES_ERROR;
				CLANG_WARN_RANGE_LOOP_ANALYSIS = YES;
				CLANG_WARN_STRICT_PROTOTYPES = YES;
				CLANG_WARN_SUSPICIOUS_MOVE = YES;
				CLANG_WARN_UNGUARDED_AVAILABILITY = YES_AGGRESSIVE;
				CLANG_WARN_UNREACHABLE_CODE = YES;
				CLANG_WARN__DUPLICATE_METHOD_MATCH = YES;
				COPY_PHASE_STRIP = NO;
				DEBUG_INFORMATION_FORMAT = dwarf;
				ENABLE_STRICT_OBJC_MSGSEND = YES;
				ENABLE_TESTABILITY = YES;
				GCC_C_LANGUAGE_STANDARD = gnu11;
				GCC_DYNAMIC_NO_PIC = NO;
				GCC_NO_COMMON_BLOCKS = YES;
				GCC_OPTIMIZATION_LEVEL = 0;
				GCC_PREPROCESSOR_DEFINITIONS = (
					"DEBUG=1",
					"$(inherited)",
				);
				GCC_WARN_64_TO_32_BIT_CONVERSION = YES;
				GCC_WARN_ABOUT_RETURN_TYPE = YES_ERROR;
				GCC_WARN_UNDECLARED_SELECTOR = YES;
				GCC_WARN_UNINITIALIZED_AUTOS = YES_AGGRESSIVE;
				GCC_WARN_UNUSED_FUNCTION = YES;
				GCC_WARN_UNUSED_VARIABLE = YES;
				IPHONEOS_DEPLOYMENT_TARGET = 13.2;
				MTL_ENABLE_DEBUG_INFO = INCLUDE_SOURCE;
				MTL_FAST_MATH = YES;
				ONLY_ACTIVE_ARCH = YES;
				SDKROOT = iphoneos;
				SWIFT_ACTIVE_COMPILATION_CONDITIONS = DEBUG;
				SWIFT_OPTIMIZATION_LEVEL = "-Onone";
			};
			name = Debug;
		};
		8B5A60462538A2A400E38560 /* Release */ = {
			isa = XCBuildConfiguration;
			buildSettings = {
				ALWAYS_SEARCH_USER_PATHS = NO;
				CLANG_ANALYZER_NONNULL = YES;
				CLANG_ANALYZER_NUMBER_OBJECT_CONVERSION = YES_AGGRESSIVE;
				CLANG_CXX_LANGUAGE_STANDARD = "gnu++14";
				CLANG_CXX_LIBRARY = "libc++";
				CLANG_ENABLE_MODULES = YES;
				CLANG_ENABLE_OBJC_ARC = YES;
				CLANG_ENABLE_OBJC_WEAK = YES;
				CLANG_WARN_BLOCK_CAPTURE_AUTORELEASING = YES;
				CLANG_WARN_BOOL_CONVERSION = YES;
				CLANG_WARN_COMMA = YES;
				CLANG_WARN_CONSTANT_CONVERSION = YES;
				CLANG_WARN_DEPRECATED_OBJC_IMPLEMENTATIONS = YES;
				CLANG_WARN_DIRECT_OBJC_ISA_USAGE = YES_ERROR;
				CLANG_WARN_DOCUMENTATION_COMMENTS = YES;
				CLANG_WARN_EMPTY_BODY = YES;
				CLANG_WARN_ENUM_CONVERSION = YES;
				CLANG_WARN_INFINITE_RECURSION = YES;
				CLANG_WARN_INT_CONVERSION = YES;
				CLANG_WARN_NON_LITERAL_NULL_CONVERSION = YES;
				CLANG_WARN_OBJC_IMPLICIT_RETAIN_SELF = YES;
				CLANG_WARN_OBJC_LITERAL_CONVERSION = YES;
				CLANG_WARN_OBJC_ROOT_CLASS = YES_ERROR;
				CLANG_WARN_RANGE_LOOP_ANALYSIS = YES;
				CLANG_WARN_STRICT_PROTOTYPES = YES;
				CLANG_WARN_SUSPICIOUS_MOVE = YES;
				CLANG_WARN_UNGUARDED_AVAILABILITY = YES_AGGRESSIVE;
				CLANG_WARN_UNREACHABLE_CODE = YES;
				CLANG_WARN__DUPLICATE_METHOD_MATCH = YES;
				COPY_PHASE_STRIP = NO;
				DEBUG_INFORMATION_FORMAT = "dwarf-with-dsym";
				ENABLE_NS_ASSERTIONS = NO;
				ENABLE_STRICT_OBJC_MSGSEND = YES;
				GCC_C_LANGUAGE_STANDARD = gnu11;
				GCC_NO_COMMON_BLOCKS = YES;
				GCC_WARN_64_TO_32_BIT_CONVERSION = YES;
				GCC_WARN_ABOUT_RETURN_TYPE = YES_ERROR;
				GCC_WARN_UNDECLARED_SELECTOR = YES;
				GCC_WARN_UNINITIALIZED_AUTOS = YES_AGGRESSIVE;
				GCC_WARN_UNUSED_FUNCTION = YES;
				GCC_WARN_UNUSED_VARIABLE = YES;
				IPHONEOS_DEPLOYMENT_TARGET = 13.2;
				MTL_ENABLE_DEBUG_INFO = NO;
				MTL_FAST_MATH = YES;
				SDKROOT = iphoneos;
				SWIFT_COMPILATION_MODE = wholemodule;
				SWIFT_OPTIMIZATION_LEVEL = "-O";
				VALIDATE_PRODUCT = YES;
			};
			name = Release;
		};
		8B5A60482538A2A400E38560 /* Debug */ = {
			isa = XCBuildConfiguration;
			buildSettings = {
				ASSETCATALOG_COMPILER_APPICON_NAME = AppIcon;
				CODE_SIGN_STYLE = Automatic;
				DEVELOPMENT_TEAM = HXZ5TKG6KX;
				INFOPLIST_FILE = TennisBot/Info.plist;
				LD_RUNPATH_SEARCH_PATHS = (
					"$(inherited)",
					"@executable_path/Frameworks",
				);
				PRODUCT_BUNDLE_IDENTIFIER = TennisBot.TennisBot;
				PRODUCT_NAME = "$(TARGET_NAME)";
				SWIFT_VERSION = 5.0;
				TARGETED_DEVICE_FAMILY = "1,2";
			};
			name = Debug;
		};
		8B5A60492538A2A400E38560 /* Release */ = {
			isa = XCBuildConfiguration;
			buildSettings = {
				ASSETCATALOG_COMPILER_APPICON_NAME = AppIcon;
				CODE_SIGN_STYLE = Automatic;
				DEVELOPMENT_TEAM = HXZ5TKG6KX;
				INFOPLIST_FILE = TennisBot/Info.plist;
				LD_RUNPATH_SEARCH_PATHS = (
					"$(inherited)",
					"@executable_path/Frameworks",
				);
				PRODUCT_BUNDLE_IDENTIFIER = TennisBot.TennisBot;
				PRODUCT_NAME = "$(TARGET_NAME)";
				SWIFT_VERSION = 5.0;
				TARGETED_DEVICE_FAMILY = "1,2";
			};
			name = Release;
		};
/* End XCBuildConfiguration section */

/* Begin XCConfigurationList section */
		8B5A60292538A2A200E38560 /* Build configuration list for PBXProject "TennisBot" */ = {
			isa = XCConfigurationList;
			buildConfigurations = (
				8B5A60452538A2A400E38560 /* Debug */,
				8B5A60462538A2A400E38560 /* Release */,
			);
			defaultConfigurationIsVisible = 0;
			defaultConfigurationName = Release;
		};
		8B5A60472538A2A400E38560 /* Build configuration list for PBXNativeTarget "TennisBot" */ = {
			isa = XCConfigurationList;
			buildConfigurations = (
				8B5A60482538A2A400E38560 /* Debug */,
				8B5A60492538A2A400E38560 /* Release */,
			);
			defaultConfigurationIsVisible = 0;
			defaultConfigurationName = Release;
		};
/* End XCConfigurationList section */

/* Begin XCVersionGroup section */
		8B33336F253B4378003F8C89 /* TennisBot.xcdatamodeld */ = {
			isa = XCVersionGroup;
			children = (
				8B333370253B4378003F8C89 /* TennisBot.xcdatamodel */,
			);
			currentVersion = 8B333370253B4378003F8C89 /* TennisBot.xcdatamodel */;
			path = TennisBot.xcdatamodeld;
			sourceTree = "<group>";
			versionGroupType = wrapper.xcdatamodel;
		};
/* End XCVersionGroup section */
	};
	rootObject = 8B5A60262538A2A200E38560 /* Project object */;
}
